
Microsoft Visual Studio Solution File, Format Version 12.00
# Visual Studio Version 16
VisualStudioVersion = 16.0.28516.95
MinimumVisualStudioVersion = 10.0.40219.1
Project("{FAE04EC0-301F-11D3-BF4B-00C04F79EFBC}") = "NMlib", "NMlib\NMlib.csproj", "{6E673BE0-4B05-4F07-993A-086056C23F8E}"
EndProject
Project("{FAE04EC0-301F-11D3-BF4B-00C04F79EFBC}") = "TestTrainer64", "TestTrainer64\TestTrainer64.csproj", "{5D6ACEE0-C70C-4D49-8C22-6F5EA2DE0ECA}"
EndProject
Project("{F184B08F-C81C-45F6-A57F-5ABD9991F28F}") = "TestTreainer64VB", "TestTreainer64VB\TestTreainer64VB.vbproj", "{30F3C500-173E-4EBB-83AA-D41A37E411E4}"
EndProject
Project("{F184B08F-C81C-45F6-A57F-5ABD9991F28F}") = "NMlibVB", "NMlibVB\NMlibVB.vbproj", "{4FDB2E1F-E05F-4B45-B514-D5F98900285D}"
EndProject
Global
	GlobalSection(SolutionConfigurationPlatforms) = preSolution
		Debug|Any CPU = Debug|Any CPU
		Release|Any CPU = Release|Any CPU
	EndGlobalSection
	GlobalSection(ProjectConfigurationPlatforms) = postSolution
		{6E673BE0-4B05-4F07-993A-086056C23F8E}.Debug|Any CPU.ActiveCfg = Debug|Any CPU
		{6E673BE0-4B05-4F07-993A-086056C23F8E}.Debug|Any CPU.Build.0 = Debug|Any CPU
		{6E673BE0-4B05-4F07-993A-086056C23F8E}.Release|Any CPU.ActiveCfg = Release|Any CPU
		{6E673BE0-4B05-4F07-993A-086056C23F8E}.Release|Any CPU.Build.0 = Release|Any CPU
		{5D6ACEE0-C70C-4D49-8C22-6F5EA2DE0ECA}.Debug|Any CPU.ActiveCfg = Debug|Any CPU
		{5D6ACEE0-C70C-4D49-8C22-6F5EA2DE0ECA}.Debug|Any CPU.Build.0 = Debug|Any CPU
		{5D6ACEE0-C70C-4D49-8C22-6F5EA2DE0ECA}.Release|Any CPU.ActiveCfg = Release|Any CPU
		{5D6ACEE0-C70C-4D49-8C22-6F5EA2DE0ECA}.Release|Any CPU.Build.0 = Release|Any CPU
		{30F3C500-173E-4EBB-83AA-D41A37E411E4}.Debug|Any CPU.ActiveCfg = Debug|Any CPU
		{30F3C500-173E-4EBB-83AA-D41A37E411E4}.Debug|Any CPU.Build.0 = Debug|Any CPU
		{30F3C500-173E-4EBB-83AA-D41A37E411E4}.Release|Any CPU.ActiveCfg = Release|Any CPU
		{30F3C500-173E-4EBB-83AA-D41A37E411E4}.Release|Any CPU.Build.0 = Release|Any CPU
		{4FDB2E1F-E05F-4B45-B514-D5F98900285D}.Debug|Any CPU.ActiveCfg = Debug|Any CPU
		{4FDB2E1F-E05F-4B45-B514-D5F98900285D}.Debug|Any CPU.Build.0 = Debug|Any CPU
		{4FDB2E1F-E05F-4B45-B514-D5F98900285D}.Release|Any CPU.ActiveCfg = Release|Any CPU
		{4FDB2E1F-E05F-4B45-B514-D5F98900285D}.Release|Any CPU.Build.0 = Release|Any CPU
	EndGlobalSection
	GlobalSection(SolutionProperties) = preSolution
		HideSolutionNode = FALSE
	EndGlobalSection
	GlobalSection(ExtensibilityGlobals) = postSolution
		SolutionGuid = {42071CD6-92E1-4A97-A1D3-0943C5067A4C}
	EndGlobalSection
EndGlobal
